
Microsoft Visual Studio Solution File, Format Version 12.00
Project("{FAE04EC0-301F-11D3-BF4B-00C04F79EFBC}") = "HospitalCRM.App.Desktop", "src\HospitalCRM.App.Desktop\HospitalCRM.App.Desktop.csproj", "{A7FCD74A-586D-43BA-BE55-91426ACD777E}"
EndProject
Project("{FAE04EC0-301F-11D3-BF4B-00C04F79EFBC}") = "HospitalCRM.App.Desktop.NetCore", "src\HospitalCRM.App.Desktop.NetCore\HospitalCRM.App.Desktop.NetCore.csproj", "{10A67971-9C80-4A7F-842A-631ACF3935EF}"
EndProject
Project("{FAE04EC0-301F-11D3-BF4B-00C04F79EFBC}") = "HospitalCRM.App.Desktop.Web", "src\HospitalCRM.App.Desktop.Web\HospitalCRM.App.Desktop.Web.csproj", "{3CC87396-DBFE-479B-A5BB-31D58705CF67}"
EndProject
Project("{FAE04EC0-301F-11D3-BF4B-00C04F79EFBC}") = "HospitalCRM.App.Core", "src\HospitalCRM.App.Core\HospitalCRM.App.Core.csproj", "{141D1BD7-2712-4D1D-8422-200EA9159135}"
EndProject
Project("{FAE04EC0-301F-11D3-BF4B-00C04F79EFBC}") = "HospitalCRM.Core", "src\HospitalCRM.Core\HospitalCRM.Core.csproj", "{B86B714D-0B03-4559-B5B1-0E053F0471CC}"
EndProject
Project("{2150E333-8FDC-42A3-9474-1A3956D46DE8}") = "App", "App", "{0A0FB5E8-6A5D-457D-9501-EB02F4480A14}"
EndProject
Project("{FAE04EC0-301F-11D3-BF4B-00C04F79EFBC}") = "HospitalCRM.PacientsService", "src\HospitalCRM.PacientsService\HospitalCRM.PacientsService.csproj", "{CE0D9C06-6414-4282-910C-27A168B0BF1F}"
EndProject
Project("{2150E333-8FDC-42A3-9474-1A3956D46DE8}") = "Backend", "Backend", "{F5DFA582-7AB3-42ED-84AF-E64DAA3078D4}"
EndProject
Project("{FAE04EC0-301F-11D3-BF4B-00C04F79EFBC}") = "HospitalCRM.Backend.Core", "src\HospitalCRM.Backend.Core\HospitalCRM.Backend.Core.csproj", "{6D1314CB-DC1F-4BE1-B67C-8688574400CE}"
EndProject
Global
	GlobalSection(SolutionConfigurationPlatforms) = preSolution
		Debug|Any CPU = Debug|Any CPU
		Release|Any CPU = Release|Any CPU
	EndGlobalSection
	GlobalSection(ProjectConfigurationPlatforms) = postSolution
		{A7FCD74A-586D-43BA-BE55-91426ACD777E}.Debug|Any CPU.ActiveCfg = Debug|Any CPU
		{A7FCD74A-586D-43BA-BE55-91426ACD777E}.Debug|Any CPU.Build.0 = Debug|Any CPU
		{A7FCD74A-586D-43BA-BE55-91426ACD777E}.Release|Any CPU.ActiveCfg = Release|Any CPU
		{A7FCD74A-586D-43BA-BE55-91426ACD777E}.Release|Any CPU.Build.0 = Release|Any CPU
		{10A67971-9C80-4A7F-842A-631ACF3935EF}.Debug|Any CPU.ActiveCfg = Debug|Any CPU
		{10A67971-9C80-4A7F-842A-631ACF3935EF}.Debug|Any CPU.Build.0 = Debug|Any CPU
		{10A67971-9C80-4A7F-842A-631ACF3935EF}.Release|Any CPU.ActiveCfg = Release|Any CPU
		{10A67971-9C80-4A7F-842A-631ACF3935EF}.Release|Any CPU.Build.0 = Release|Any CPU
		{3CC87396-DBFE-479B-A5BB-31D58705CF67}.Debug|Any CPU.ActiveCfg = Debug|Any CPU
		{3CC87396-DBFE-479B-A5BB-31D58705CF67}.Debug|Any CPU.Build.0 = Debug|Any CPU
		{3CC87396-DBFE-479B-A5BB-31D58705CF67}.Release|Any CPU.ActiveCfg = Release|Any CPU
		{3CC87396-DBFE-479B-A5BB-31D58705CF67}.Release|Any CPU.Build.0 = Release|Any CPU
		{141D1BD7-2712-4D1D-8422-200EA9159135}.Debug|Any CPU.ActiveCfg = Debug|Any CPU
		{141D1BD7-2712-4D1D-8422-200EA9159135}.Debug|Any CPU.Build.0 = Debug|Any CPU
		{141D1BD7-2712-4D1D-8422-200EA9159135}.Release|Any CPU.ActiveCfg = Release|Any CPU
		{141D1BD7-2712-4D1D-8422-200EA9159135}.Release|Any CPU.Build.0 = Release|Any CPU
		{B86B714D-0B03-4559-B5B1-0E053F0471CC}.Debug|Any CPU.ActiveCfg = Debug|Any CPU
		{B86B714D-0B03-4559-B5B1-0E053F0471CC}.Debug|Any CPU.Build.0 = Debug|Any CPU
		{B86B714D-0B03-4559-B5B1-0E053F0471CC}.Release|Any CPU.ActiveCfg = Release|Any CPU
		{B86B714D-0B03-4559-B5B1-0E053F0471CC}.Release|Any CPU.Build.0 = Release|Any CPU
		{CE0D9C06-6414-4282-910C-27A168B0BF1F}.Debug|Any CPU.ActiveCfg = Debug|Any CPU
		{CE0D9C06-6414-4282-910C-27A168B0BF1F}.Debug|Any CPU.Build.0 = Debug|Any CPU
		{CE0D9C06-6414-4282-910C-27A168B0BF1F}.Release|Any CPU.ActiveCfg = Release|Any CPU
		{CE0D9C06-6414-4282-910C-27A168B0BF1F}.Release|Any CPU.Build.0 = Release|Any CPU
		{6D1314CB-DC1F-4BE1-B67C-8688574400CE}.Debug|Any CPU.ActiveCfg = Debug|Any CPU
		{6D1314CB-DC1F-4BE1-B67C-8688574400CE}.Debug|Any CPU.Build.0 = Debug|Any CPU
		{6D1314CB-DC1F-4BE1-B67C-8688574400CE}.Release|Any CPU.ActiveCfg = Release|Any CPU
		{6D1314CB-DC1F-4BE1-B67C-8688574400CE}.Release|Any CPU.Build.0 = Release|Any CPU
	EndGlobalSection
	GlobalSection(NestedProjects) = preSolution
		{141D1BD7-2712-4D1D-8422-200EA9159135} = {0A0FB5E8-6A5D-457D-9501-EB02F4480A14}
		{A7FCD74A-586D-43BA-BE55-91426ACD777E} = {0A0FB5E8-6A5D-457D-9501-EB02F4480A14}
		{10A67971-9C80-4A7F-842A-631ACF3935EF} = {0A0FB5E8-6A5D-457D-9501-EB02F4480A14}
		{3CC87396-DBFE-479B-A5BB-31D58705CF67} = {0A0FB5E8-6A5D-457D-9501-EB02F4480A14}
		{6D1314CB-DC1F-4BE1-B67C-8688574400CE} = {F5DFA582-7AB3-42ED-84AF-E64DAA3078D4}
	EndGlobalSection
EndGlobal
